
Microsoft Visual Studio Solution File, Format Version 12.00
# Visual Studio Version 17
VisualStudioVersion = 17.14.36518.9
MinimumVisualStudioVersion = 10.0.40219.1
Project("{FAE04EC0-301F-11D3-BF4B-00C04F79EFBC}") = "Exercicio1", "Exercicio1.csproj", "{8BE941D7-420E-45F4-A5C8-B42198D37B6F}"
EndProject
Project("{FAE04EC0-301F-11D3-BF4B-00C04F79EFBC}") = "Exercicio2", "..\Exercicio2\Exercicio2.csproj", "{E3253FE6-2CFB-4610-B6BE-5192BC11EE4C}"
EndProject
Project("{FAE04EC0-301F-11D3-BF4B-00C04F79EFBC}") = "Exercicio3", "..\Exercicio3\Exercicio3.csproj", "{64D506DD-86A9-4C77-87B1-74C534F62DD2}"
EndProject
Project("{FAE04EC0-301F-11D3-BF4B-00C04F79EFBC}") = "Exercicio4", "..\Exercicio4\Exercicio4.csproj", "{42F58755-0B8A-4B21-B66B-5694BDAFFCA0}"
EndProject
Project("{FAE04EC0-301F-11D3-BF4B-00C04F79EFBC}") = "Exercicio5", "..\Exercicio5\Exercicio5.csproj", "{40ABF1A9-43E0-4959-A7FE-634E9453D505}"
EndProject
Project("{FAE04EC0-301F-11D3-BF4B-00C04F79EFBC}") = "Exercicio6", "..\Exercicio6\Exercicio6.csproj", "{F2212470-CF75-4052-9782-6FEE324598EC}"
EndProject
Project("{FAE04EC0-301F-11D3-BF4B-00C04F79EFBC}") = "Exercicio7", "..\Exercicio7\Exercicio7.csproj", "{774DFCB4-E4DC-42FF-9D87-F0C2E7C36864}"
EndProject
Project("{FAE04EC0-301F-11D3-BF4B-00C04F79EFBC}") = "Exercicio8", "..\Exercicio8\Exercicio8.csproj", "{636815BE-D936-4B62-97E1-AFAB6D58B3D1}"
EndProject
Project("{FAE04EC0-301F-11D3-BF4B-00C04F79EFBC}") = "Exercicio9", "..\Exercicio9\Exercicio9.csproj", "{9D0AF300-FB3B-4AAF-A5E5-92AC21865158}"
EndProject
Project("{FAE04EC0-301F-11D3-BF4B-00C04F79EFBC}") = "Exercicio10", "..\Exercicio10\Exercicio10.csproj", "{DC10FF1D-C798-4D98-A9B7-D62B4BFE4ACC}"
EndProject
Global
	GlobalSection(SolutionConfigurationPlatforms) = preSolution
		Debug|Any CPU = Debug|Any CPU
		Release|Any CPU = Release|Any CPU
	EndGlobalSection
	GlobalSection(ProjectConfigurationPlatforms) = postSolution
		{8BE941D7-420E-45F4-A5C8-B42198D37B6F}.Debug|Any CPU.ActiveCfg = Debug|Any CPU
		{8BE941D7-420E-45F4-A5C8-B42198D37B6F}.Debug|Any CPU.Build.0 = Debug|Any CPU
		{8BE941D7-420E-45F4-A5C8-B42198D37B6F}.Release|Any CPU.ActiveCfg = Release|Any CPU
		{8BE941D7-420E-45F4-A5C8-B42198D37B6F}.Release|Any CPU.Build.0 = Release|Any CPU
		{E3253FE6-2CFB-4610-B6BE-5192BC11EE4C}.Debug|Any CPU.ActiveCfg = Debug|Any CPU
		{E3253FE6-2CFB-4610-B6BE-5192BC11EE4C}.Debug|Any CPU.Build.0 = Debug|Any CPU
		{E3253FE6-2CFB-4610-B6BE-5192BC11EE4C}.Release|Any CPU.ActiveCfg = Release|Any CPU
		{E3253FE6-2CFB-4610-B6BE-5192BC11EE4C}.Release|Any CPU.Build.0 = Release|Any CPU
		{64D506DD-86A9-4C77-87B1-74C534F62DD2}.Debug|Any CPU.ActiveCfg = Debug|Any CPU
		{64D506DD-86A9-4C77-87B1-74C534F62DD2}.Debug|Any CPU.Build.0 = Debug|Any CPU
		{64D506DD-86A9-4C77-87B1-74C534F62DD2}.Release|Any CPU.ActiveCfg = Release|Any CPU
		{64D506DD-86A9-4C77-87B1-74C534F62DD2}.Release|Any CPU.Build.0 = Release|Any CPU
		{42F58755-0B8A-4B21-B66B-5694BDAFFCA0}.Debug|Any CPU.ActiveCfg = Debug|Any CPU
		{42F58755-0B8A-4B21-B66B-5694BDAFFCA0}.Debug|Any CPU.Build.0 = Debug|Any CPU
		{42F58755-0B8A-4B21-B66B-5694BDAFFCA0}.Release|Any CPU.ActiveCfg = Release|Any CPU
		{42F58755-0B8A-4B21-B66B-5694BDAFFCA0}.Release|Any CPU.Build.0 = Release|Any CPU
		{40ABF1A9-43E0-4959-A7FE-634E9453D505}.Debug|Any CPU.ActiveCfg = Debug|Any CPU
		{40ABF1A9-43E0-4959-A7FE-634E9453D505}.Debug|Any CPU.Build.0 = Debug|Any CPU
		{40ABF1A9-43E0-4959-A7FE-634E9453D505}.Release|Any CPU.ActiveCfg = Release|Any CPU
		{40ABF1A9-43E0-4959-A7FE-634E9453D505}.Release|Any CPU.Build.0 = Release|Any CPU
		{F2212470-CF75-4052-9782-6FEE324598EC}.Debug|Any CPU.ActiveCfg = Debug|Any CPU
		{F2212470-CF75-4052-9782-6FEE324598EC}.Debug|Any CPU.Build.0 = Debug|Any CPU
		{F2212470-CF75-4052-9782-6FEE324598EC}.Release|Any CPU.ActiveCfg = Release|Any CPU
		{F2212470-CF75-4052-9782-6FEE324598EC}.Release|Any CPU.Build.0 = Release|Any CPU
		{774DFCB4-E4DC-42FF-9D87-F0C2E7C36864}.Debug|Any CPU.ActiveCfg = Debug|Any CPU
		{774DFCB4-E4DC-42FF-9D87-F0C2E7C36864}.Debug|Any CPU.Build.0 = Debug|Any CPU
		{774DFCB4-E4DC-42FF-9D87-F0C2E7C36864}.Release|Any CPU.ActiveCfg = Release|Any CPU
		{774DFCB4-E4DC-42FF-9D87-F0C2E7C36864}.Release|Any CPU.Build.0 = Release|Any CPU
		{636815BE-D936-4B62-97E1-AFAB6D58B3D1}.Debug|Any CPU.ActiveCfg = Debug|Any CPU
		{636815BE-D936-4B62-97E1-AFAB6D58B3D1}.Debug|Any CPU.Build.0 = Debug|Any CPU
		{636815BE-D936-4B62-97E1-AFAB6D58B3D1}.Release|Any CPU.ActiveCfg = Release|Any CPU
		{636815BE-D936-4B62-97E1-AFAB6D58B3D1}.Release|Any CPU.Build.0 = Release|Any CPU
		{9D0AF300-FB3B-4AAF-A5E5-92AC21865158}.Debug|Any CPU.ActiveCfg = Debug|Any CPU
		{9D0AF300-FB3B-4AAF-A5E5-92AC21865158}.Debug|Any CPU.Build.0 = Debug|Any CPU
		{9D0AF300-FB3B-4AAF-A5E5-92AC21865158}.Release|Any CPU.ActiveCfg = Release|Any CPU
		{9D0AF300-FB3B-4AAF-A5E5-92AC21865158}.Release|Any CPU.Build.0 = Release|Any CPU
		{DC10FF1D-C798-4D98-A9B7-D62B4BFE4ACC}.Debug|Any CPU.ActiveCfg = Debug|Any CPU
		{DC10FF1D-C798-4D98-A9B7-D62B4BFE4ACC}.Debug|Any CPU.Build.0 = Debug|Any CPU
		{DC10FF1D-C798-4D98-A9B7-D62B4BFE4ACC}.Release|Any CPU.ActiveCfg = Release|Any CPU
		{DC10FF1D-C798-4D98-A9B7-D62B4BFE4ACC}.Release|Any CPU.Build.0 = Release|Any CPU
	EndGlobalSection
	GlobalSection(SolutionProperties) = preSolution
		HideSolutionNode = FALSE
	EndGlobalSection
	GlobalSection(ExtensibilityGlobals) = postSolution
		SolutionGuid = {05460119-B48F-46FA-AB33-8CF27D1940A3}
	EndGlobalSection
EndGlobal
